
Microsoft Visual Studio Solution File, Format Version 12.00
# Visual Studio Version 16
VisualStudioVersion = 16.6.30114.105
MinimumVisualStudioVersion = 10.0.40219.1
Project("{FAE04EC0-301F-11D3-BF4B-00C04F79EFBC}") = "NetRpc.Client", "NetRpc.Client\NetRpc.Client.csproj", "{DB4359C9-422F-4D5A-8735-FA9050F19D0F}"
EndProject
Project("{FAE04EC0-301F-11D3-BF4B-00C04F79EFBC}") = "NetRpc.Common", "NetRpc.Common\NetRpc.Common.csproj", "{C4599D0C-095F-490E-841B-2E034693B7E8}"
EndProject
Project("{FAE04EC0-301F-11D3-BF4B-00C04F79EFBC}") = "NetRpc.Server", "NetRpc.Server\NetRpc.Server.csproj", "{BB5B80B0-38D0-49DF-A93B-18F16DB4CC7C}"
EndProject
Project("{FAE04EC0-301F-11D3-BF4B-00C04F79EFBC}") = "NetRpc.Messages", "NetRpc.Messages\NetRpc.Messages.csproj", "{A5A12743-2AA0-4E95-AB38-3A29DFEABFB5}"
EndProject
Project("{FAE04EC0-301F-11D3-BF4B-00C04F79EFBC}") = "NetRpc.Demo", "NetRpc.Demo\NetRpc.Demo.csproj", "{B9AEA829-5554-43D9-A2C7-ED65C16E2C8E}"
EndProject
Global
	GlobalSection(SolutionConfigurationPlatforms) = preSolution
		Debug|Any CPU = Debug|Any CPU
		Debug|x64 = Debug|x64
		Debug|x86 = Debug|x86
		Release|Any CPU = Release|Any CPU
		Release|x64 = Release|x64
		Release|x86 = Release|x86
	EndGlobalSection
	GlobalSection(SolutionProperties) = preSolution
		HideSolutionNode = FALSE
	EndGlobalSection
	GlobalSection(ProjectConfigurationPlatforms) = postSolution
		{DB4359C9-422F-4D5A-8735-FA9050F19D0F}.Debug|Any CPU.ActiveCfg = Debug|Any CPU
		{DB4359C9-422F-4D5A-8735-FA9050F19D0F}.Debug|Any CPU.Build.0 = Debug|Any CPU
		{DB4359C9-422F-4D5A-8735-FA9050F19D0F}.Debug|x64.ActiveCfg = Debug|Any CPU
		{DB4359C9-422F-4D5A-8735-FA9050F19D0F}.Debug|x64.Build.0 = Debug|Any CPU
		{DB4359C9-422F-4D5A-8735-FA9050F19D0F}.Debug|x86.ActiveCfg = Debug|Any CPU
		{DB4359C9-422F-4D5A-8735-FA9050F19D0F}.Debug|x86.Build.0 = Debug|Any CPU
		{DB4359C9-422F-4D5A-8735-FA9050F19D0F}.Release|Any CPU.ActiveCfg = Release|Any CPU
		{DB4359C9-422F-4D5A-8735-FA9050F19D0F}.Release|Any CPU.Build.0 = Release|Any CPU
		{DB4359C9-422F-4D5A-8735-FA9050F19D0F}.Release|x64.ActiveCfg = Release|Any CPU
		{DB4359C9-422F-4D5A-8735-FA9050F19D0F}.Release|x64.Build.0 = Release|Any CPU
		{DB4359C9-422F-4D5A-8735-FA9050F19D0F}.Release|x86.ActiveCfg = Release|Any CPU
		{DB4359C9-422F-4D5A-8735-FA9050F19D0F}.Release|x86.Build.0 = Release|Any CPU
		{C4599D0C-095F-490E-841B-2E034693B7E8}.Debug|Any CPU.ActiveCfg = Debug|Any CPU
		{C4599D0C-095F-490E-841B-2E034693B7E8}.Debug|Any CPU.Build.0 = Debug|Any CPU
		{C4599D0C-095F-490E-841B-2E034693B7E8}.Debug|x64.ActiveCfg = Debug|Any CPU
		{C4599D0C-095F-490E-841B-2E034693B7E8}.Debug|x64.Build.0 = Debug|Any CPU
		{C4599D0C-095F-490E-841B-2E034693B7E8}.Debug|x86.ActiveCfg = Debug|Any CPU
		{C4599D0C-095F-490E-841B-2E034693B7E8}.Debug|x86.Build.0 = Debug|Any CPU
		{C4599D0C-095F-490E-841B-2E034693B7E8}.Release|Any CPU.ActiveCfg = Release|Any CPU
		{C4599D0C-095F-490E-841B-2E034693B7E8}.Release|Any CPU.Build.0 = Release|Any CPU
		{C4599D0C-095F-490E-841B-2E034693B7E8}.Release|x64.ActiveCfg = Release|Any CPU
		{C4599D0C-095F-490E-841B-2E034693B7E8}.Release|x64.Build.0 = Release|Any CPU
		{C4599D0C-095F-490E-841B-2E034693B7E8}.Release|x86.ActiveCfg = Release|Any CPU
		{C4599D0C-095F-490E-841B-2E034693B7E8}.Release|x86.Build.0 = Release|Any CPU
		{BB5B80B0-38D0-49DF-A93B-18F16DB4CC7C}.Debug|Any CPU.ActiveCfg = Debug|Any CPU
		{BB5B80B0-38D0-49DF-A93B-18F16DB4CC7C}.Debug|Any CPU.Build.0 = Debug|Any CPU
		{BB5B80B0-38D0-49DF-A93B-18F16DB4CC7C}.Debug|x64.ActiveCfg = Debug|Any CPU
		{BB5B80B0-38D0-49DF-A93B-18F16DB4CC7C}.Debug|x64.Build.0 = Debug|Any CPU
		{BB5B80B0-38D0-49DF-A93B-18F16DB4CC7C}.Debug|x86.ActiveCfg = Debug|Any CPU
		{BB5B80B0-38D0-49DF-A93B-18F16DB4CC7C}.Debug|x86.Build.0 = Debug|Any CPU
		{BB5B80B0-38D0-49DF-A93B-18F16DB4CC7C}.Release|Any CPU.ActiveCfg = Release|Any CPU
		{BB5B80B0-38D0-49DF-A93B-18F16DB4CC7C}.Release|Any CPU.Build.0 = Release|Any CPU
		{BB5B80B0-38D0-49DF-A93B-18F16DB4CC7C}.Release|x64.ActiveCfg = Release|Any CPU
		{BB5B80B0-38D0-49DF-A93B-18F16DB4CC7C}.Release|x64.Build.0 = Release|Any CPU
		{BB5B80B0-38D0-49DF-A93B-18F16DB4CC7C}.Release|x86.ActiveCfg = Release|Any CPU
		{BB5B80B0-38D0-49DF-A93B-18F16DB4CC7C}.Release|x86.Build.0 = Release|Any CPU
		{A5A12743-2AA0-4E95-AB38-3A29DFEABFB5}.Debug|Any CPU.ActiveCfg = Debug|Any CPU
		{A5A12743-2AA0-4E95-AB38-3A29DFEABFB5}.Debug|Any CPU.Build.0 = Debug|Any CPU
		{A5A12743-2AA0-4E95-AB38-3A29DFEABFB5}.Debug|x64.ActiveCfg = Debug|Any CPU
		{A5A12743-2AA0-4E95-AB38-3A29DFEABFB5}.Debug|x64.Build.0 = Debug|Any CPU
		{A5A12743-2AA0-4E95-AB38-3A29DFEABFB5}.Debug|x86.ActiveCfg = Debug|Any CPU
		{A5A12743-2AA0-4E95-AB38-3A29DFEABFB5}.Debug|x86.Build.0 = Debug|Any CPU
		{A5A12743-2AA0-4E95-AB38-3A29DFEABFB5}.Release|Any CPU.ActiveCfg = Release|Any CPU
		{A5A12743-2AA0-4E95-AB38-3A29DFEABFB5}.Release|Any CPU.Build.0 = Release|Any CPU
		{A5A12743-2AA0-4E95-AB38-3A29DFEABFB5}.Release|x64.ActiveCfg = Release|Any CPU
		{A5A12743-2AA0-4E95-AB38-3A29DFEABFB5}.Release|x64.Build.0 = Release|Any CPU
		{A5A12743-2AA0-4E95-AB38-3A29DFEABFB5}.Release|x86.ActiveCfg = Release|Any CPU
		{A5A12743-2AA0-4E95-AB38-3A29DFEABFB5}.Release|x86.Build.0 = Release|Any CPU
		{B9AEA829-5554-43D9-A2C7-ED65C16E2C8E}.Debug|Any CPU.ActiveCfg = Debug|Any CPU
		{B9AEA829-5554-43D9-A2C7-ED65C16E2C8E}.Debug|Any CPU.Build.0 = Debug|Any CPU
		{B9AEA829-5554-43D9-A2C7-ED65C16E2C8E}.Debug|x64.ActiveCfg = Debug|Any CPU
		{B9AEA829-5554-43D9-A2C7-ED65C16E2C8E}.Debug|x64.Build.0 = Debug|Any CPU
		{B9AEA829-5554-43D9-A2C7-ED65C16E2C8E}.Debug|x86.ActiveCfg = Debug|Any CPU
		{B9AEA829-5554-43D9-A2C7-ED65C16E2C8E}.Debug|x86.Build.0 = Debug|Any CPU
		{B9AEA829-5554-43D9-A2C7-ED65C16E2C8E}.Release|Any CPU.ActiveCfg = Release|Any CPU
		{B9AEA829-5554-43D9-A2C7-ED65C16E2C8E}.Release|Any CPU.Build.0 = Release|Any CPU
		{B9AEA829-5554-43D9-A2C7-ED65C16E2C8E}.Release|x64.ActiveCfg = Release|Any CPU
		{B9AEA829-5554-43D9-A2C7-ED65C16E2C8E}.Release|x64.Build.0 = Release|Any CPU
		{B9AEA829-5554-43D9-A2C7-ED65C16E2C8E}.Release|x86.ActiveCfg = Release|Any CPU
		{B9AEA829-5554-43D9-A2C7-ED65C16E2C8E}.Release|x86.Build.0 = Release|Any CPU
	EndGlobalSection
EndGlobal
